
Microsoft Visual Studio Solution File, Format Version 12.00
# Visual Studio Version 17
VisualStudioVersion = 17.2.32616.157
MinimumVisualStudioVersion = 10.0.40219.1
Project("{FAE04EC0-301F-11D3-BF4B-00C04F79EFBC}") = "Curreny", "Curreny\Curreny.csproj", "{92909C05-56E3-4F49-996E-794DA3021E0A}"
EndProject
Global
	GlobalSection(SolutionConfigurationPlatforms) = preSolution
		Debug|Any CPU = Debug|Any CPU
		Release|Any CPU = Release|Any CPU
	EndGlobalSection
	GlobalSection(ProjectConfigurationPlatforms) = postSolution
		{92909C05-56E3-4F49-996E-794DA3021E0A}.Debug|Any CPU.ActiveCfg = Debug|Any CPU
		{92909C05-56E3-4F49-996E-794DA3021E0A}.Debug|Any CPU.Build.0 = Debug|Any CPU
		{92909C05-56E3-4F49-996E-794DA3021E0A}.Release|Any CPU.ActiveCfg = Release|Any CPU
		{92909C05-56E3-4F49-996E-794DA3021E0A}.Release|Any CPU.Build.0 = Release|Any CPU
	EndGlobalSection
	GlobalSection(SolutionProperties) = preSolution
		HideSolutionNode = FALSE
	EndGlobalSection
	GlobalSection(ExtensibilityGlobals) = postSolution
		SolutionGuid = {88E15540-E292-4F61-B41B-3CF7AC9C7496}
	EndGlobalSection
EndGlobal
